
Microsoft Visual Studio Solution File, Format Version 12.00
# Visual Studio Version 17
VisualStudioVersion = 17.9.34714.143
MinimumVisualStudioVersion = 10.0.40219.1
Project("{2150E333-8FDC-42A3-9474-1A3956D46DE8}") = "Products.Api", "Products.Api", "{BCFF0FAF-52E5-48CA-9276-BA3386A5AD88}"
EndProject
Project("{FAE04EC0-301F-11D3-BF4B-00C04F79EFBC}") = "Products.Api", "Products.Api\Products.Api.csproj", "{E0F5CDBC-8831-456A-A2AB-CD52373DEA20}"
EndProject
Project("{2150E333-8FDC-42A3-9474-1A3956D46DE8}") = "Products.Application", "Products.Application", "{50C1F9D9-30EB-4E7D-944C-F28B0E8A373A}"
EndProject
Project("{FAE04EC0-301F-11D3-BF4B-00C04F79EFBC}") = "Products.Application", "Products.Application\Products.Application.csproj", "{50DD5DB9-61DA-4237-A4F3-F7EE6C072BB3}"
EndProject
Project("{2150E333-8FDC-42A3-9474-1A3956D46DE8}") = "Products.Domain", "Products.Domain", "{685FE1E7-2A1A-4606-ABC9-A382BD25BE60}"
EndProject
Project("{FAE04EC0-301F-11D3-BF4B-00C04F79EFBC}") = "Products.Domain", "Products.Domain\Products.Domain.csproj", "{EA5A738B-CAED-44EE-8F44-35F955C5BA1F}"
EndProject
Project("{FAE04EC0-301F-11D3-BF4B-00C04F79EFBC}") = "Products.Infrastructure", "Products.Infrastructure\Products.Infrastructure.csproj", "{23D223E5-035F-49BD-9798-B9C896BB4071}"
EndProject
Project("{2150E333-8FDC-42A3-9474-1A3956D46DE8}") = "Products.Tests", "Products.Tests", "{0E21DFAA-D663-4E1A-8F34-A722A1CCCFA8}"
EndProject
Project("{2150E333-8FDC-42A3-9474-1A3956D46DE8}") = "Products.Infrastructure", "Products.Infrastructure", "{53228D51-9E34-45CA-A585-BE795A247183}"
EndProject
Global
	GlobalSection(SolutionConfigurationPlatforms) = preSolution
		Debug|Any CPU = Debug|Any CPU
		Release|Any CPU = Release|Any CPU
	EndGlobalSection
	GlobalSection(ProjectConfigurationPlatforms) = postSolution
		{E0F5CDBC-8831-456A-A2AB-CD52373DEA20}.Debug|Any CPU.ActiveCfg = Debug|Any CPU
		{E0F5CDBC-8831-456A-A2AB-CD52373DEA20}.Debug|Any CPU.Build.0 = Debug|Any CPU
		{E0F5CDBC-8831-456A-A2AB-CD52373DEA20}.Release|Any CPU.ActiveCfg = Release|Any CPU
		{E0F5CDBC-8831-456A-A2AB-CD52373DEA20}.Release|Any CPU.Build.0 = Release|Any CPU
		{50DD5DB9-61DA-4237-A4F3-F7EE6C072BB3}.Debug|Any CPU.ActiveCfg = Debug|Any CPU
		{50DD5DB9-61DA-4237-A4F3-F7EE6C072BB3}.Debug|Any CPU.Build.0 = Debug|Any CPU
		{50DD5DB9-61DA-4237-A4F3-F7EE6C072BB3}.Release|Any CPU.ActiveCfg = Release|Any CPU
		{50DD5DB9-61DA-4237-A4F3-F7EE6C072BB3}.Release|Any CPU.Build.0 = Release|Any CPU
		{EA5A738B-CAED-44EE-8F44-35F955C5BA1F}.Debug|Any CPU.ActiveCfg = Debug|Any CPU
		{EA5A738B-CAED-44EE-8F44-35F955C5BA1F}.Debug|Any CPU.Build.0 = Debug|Any CPU
		{EA5A738B-CAED-44EE-8F44-35F955C5BA1F}.Release|Any CPU.ActiveCfg = Release|Any CPU
		{EA5A738B-CAED-44EE-8F44-35F955C5BA1F}.Release|Any CPU.Build.0 = Release|Any CPU
		{23D223E5-035F-49BD-9798-B9C896BB4071}.Debug|Any CPU.ActiveCfg = Debug|Any CPU
		{23D223E5-035F-49BD-9798-B9C896BB4071}.Debug|Any CPU.Build.0 = Debug|Any CPU
		{23D223E5-035F-49BD-9798-B9C896BB4071}.Release|Any CPU.ActiveCfg = Release|Any CPU
		{23D223E5-035F-49BD-9798-B9C896BB4071}.Release|Any CPU.Build.0 = Release|Any CPU
	EndGlobalSection
	GlobalSection(SolutionProperties) = preSolution
		HideSolutionNode = FALSE
	EndGlobalSection
	GlobalSection(NestedProjects) = preSolution
		{E0F5CDBC-8831-456A-A2AB-CD52373DEA20} = {BCFF0FAF-52E5-48CA-9276-BA3386A5AD88}
		{50DD5DB9-61DA-4237-A4F3-F7EE6C072BB3} = {50C1F9D9-30EB-4E7D-944C-F28B0E8A373A}
		{EA5A738B-CAED-44EE-8F44-35F955C5BA1F} = {685FE1E7-2A1A-4606-ABC9-A382BD25BE60}
		{23D223E5-035F-49BD-9798-B9C896BB4071} = {53228D51-9E34-45CA-A585-BE795A247183}
	EndGlobalSection
	GlobalSection(ExtensibilityGlobals) = postSolution
		SolutionGuid = {1F45FD64-9978-47B4-847F-C6177202D99C}
	EndGlobalSection
EndGlobal
